{
  "name": "gate-fixture",
  "version": "1.0.0",
  "lockfileVersion": 3,
  "requires": true,
  "packages": {
    "": {
      "name": "gate-fixture",
      "version": "1.0.0",
      "dependencies": {
        "dompurify": "3.1.4",
        "postal-mime": "2.7.5"
      },
      "devDependencies": {}
    },
    "node_modules/dompurify": {
      "version": "3.1.4",
      "resolved": "https://registry.npmjs.org/dompurify/-/dompurify-3.1.4.tgz",
      "license": "MIT"
    },
    "node_modules/postal-mime": {
      "version": "2.7.5",
      "resolved": "https://registry.npmjs.org/postal-mime/-/postal-mime-2.7.5.tgz",
      "license": "MIT"
    }
  }
}
